{
  "version": 4,
  "terraform_version": "0.14.4",
  "serial": 4,
  "lineage": "44c71489-725b-9025-931d-66c739b981a3",
  "outputs": {},
  "resources": [
    {
      "mode": "managed",
      "type": "azurerm_resource_group",
      "name": "example",
      "provider": "provider[\"registry.terraform.io/hashicorp/azurerm\"]",
      "instances": [
        {
          "schema_version": 0,
          "attributes": {
            "id": "/subscriptions/bd65f624-8c90-4842-ad3b-1ec18d74a32d/resourceGroups/res01dev",
            "location": "westeurope",
            "name": "res01dev",
            "tags": {},
            "timeouts": null
          },
          "sensitive_attributes": [],
          "private": "eyJlMmJmYjczMC1lY2FhLTExZTYtOGY4OC0zNDM2M2JjN2M0YzAiOnsiY3JlYXRlIjo1NDAwMDAwMDAwMDAwLCJkZWxldGUiOjU0MDAwMDAwMDAwMDAsInJlYWQiOjMwMDAwMDAwMDAwMCwidXBkYXRlIjo1NDAwMDAwMDAwMDAwfX0="
        }
      ]
    },
    {
      "mode": "managed",
      "type": "azurerm_storage_account",
      "name": "example1",
      "provider": "provider[\"registry.terraform.io/hashicorp/azurerm\"]",
      "instances": [
        {
          "schema_version": 2,
          "attributes": {
            "access_tier": "Hot",
            "account_kind": "StorageV2",
            "account_replication_type": "LRS",
            "account_tier": "Standard",
            "blob_properties": [],
            "custom_domain": [],
            "enable_https_traffic_only": true,
            "id": "/subscriptions/bd65f624-8c90-4842-ad3b-1ec18d74a32d/resourceGroups/res01dev/providers/Microsoft.Storage/storageAccounts/str0123dev",
            "identity": [],
            "is_hns_enabled": false,
            "location": "westeurope",
            "name": "str0123dev",
            "network_rules": [
              {
                "bypass": [
                  "AzureServices"
                ],
                "default_action": "Allow",
                "ip_rules": [],
                "virtual_network_subnet_ids": []
              }
            ],
            "primary_access_key": "7EFi0cqx0SnXKoc08fS5AJoGZg70wQ4/tftW86AdxxUfqPD+dmRFvxPtm0WYQtNTn/dkEo5pjEqTWTeALs2H7A==",
            "primary_blob_connection_string": "DefaultEndpointsProtocol=https;BlobEndpoint=https://str0123dev.blob.core.windows.net/;AccountName=str0123dev;AccountKey=7EFi0cqx0SnXKoc08fS5AJoGZg70wQ4/tftW86AdxxUfqPD+dmRFvxPtm0WYQtNTn/dkEo5pjEqTWTeALs2H7A==",
            "primary_blob_endpoint": "https://str0123dev.blob.core.windows.net/",
            "primary_blob_host": "str0123dev.blob.core.windows.net",
            "primary_connection_string": "DefaultEndpointsProtocol=https;AccountName=str0123dev;AccountKey=7EFi0cqx0SnXKoc08fS5AJoGZg70wQ4/tftW86AdxxUfqPD+dmRFvxPtm0WYQtNTn/dkEo5pjEqTWTeALs2H7A==;EndpointSuffix=core.windows.net",
            "primary_dfs_endpoint": "https://str0123dev.dfs.core.windows.net/",
            "primary_dfs_host": "str0123dev.dfs.core.windows.net",
            "primary_file_endpoint": "https://str0123dev.file.core.windows.net/",
            "primary_file_host": "str0123dev.file.core.windows.net",
            "primary_location": "westeurope",
            "primary_queue_endpoint": "https://str0123dev.queue.core.windows.net/",
            "primary_queue_host": "str0123dev.queue.core.windows.net",
            "primary_table_endpoint": "https://str0123dev.table.core.windows.net/",
            "primary_table_host": "str0123dev.table.core.windows.net",
            "primary_web_endpoint": "https://str0123dev.z6.web.core.windows.net/",
            "primary_web_host": "str0123dev.z6.web.core.windows.net",
            "queue_properties": [
              {
                "cors_rule": [],
                "hour_metrics": [
                  {
                    "enabled": true,
                    "include_apis": true,
                    "retention_policy_days": 7,
                    "version": "1.0"
                  }
                ],
                "logging": [
                  {
                    "delete": false,
                    "read": false,
                    "retention_policy_days": 0,
                    "version": "1.0",
                    "write": false
                  }
                ],
                "minute_metrics": [
                  {
                    "enabled": false,
                    "include_apis": false,
                    "retention_policy_days": 0,
                    "version": "1.0"
                  }
                ]
              }
            ],
            "resource_group_name": "res01dev",
            "secondary_access_key": "0YSl9/qXLlRgA0/7UPH8G5L9ft0ImXl+AXXqIqe6mr5y3QG3Igdn66Anitu5Uz9pUvhsXZCPGEvqa+U4W4uxRw==",
            "secondary_blob_connection_string": "",
            "secondary_blob_endpoint": null,
            "secondary_blob_host": null,
            "secondary_connection_string": "DefaultEndpointsProtocol=https;AccountName=str0123dev;AccountKey=0YSl9/qXLlRgA0/7UPH8G5L9ft0ImXl+AXXqIqe6mr5y3QG3Igdn66Anitu5Uz9pUvhsXZCPGEvqa+U4W4uxRw==;EndpointSuffix=core.windows.net",
            "secondary_dfs_endpoint": null,
            "secondary_dfs_host": null,
            "secondary_file_endpoint": null,
            "secondary_file_host": null,
            "secondary_location": "",
            "secondary_queue_endpoint": null,
            "secondary_queue_host": null,
            "secondary_table_endpoint": null,
            "secondary_table_host": null,
            "secondary_web_endpoint": null,
            "secondary_web_host": null,
            "static_website": [],
            "tags": {
              "environment": "Dev"
            },
            "timeouts": null
          },
          "sensitive_attributes": [],
          "private": "eyJlMmJmYjczMC1lY2FhLTExZTYtOGY4OC0zNDM2M2JjN2M0YzAiOnsiY3JlYXRlIjozNjAwMDAwMDAwMDAwLCJkZWxldGUiOjM2MDAwMDAwMDAwMDAsInJlYWQiOjMwMDAwMDAwMDAwMCwidXBkYXRlIjozNjAwMDAwMDAwMDAwfSwic2NoZW1hX3ZlcnNpb24iOiIyIn0=",
          "dependencies": [
            "azurerm_resource_group.example"
          ]
        }
      ]
    }
  ]
}
